
Microsoft Visual Studio Solution File, Format Version 12.00
# Visual Studio Version 17
VisualStudioVersion = 17.5.33530.505
MinimumVisualStudioVersion = 10.0.40219.1
Project("{FAE04EC0-301F-11D3-BF4B-00C04F79EFBC}") = "HW_Hidreletrica", "HW_Hidreletrica.csproj", "{2558DB98-E4D2-4F0A-B1CC-FE3B2E399164}"
EndProject
Global
	GlobalSection(SolutionConfigurationPlatforms) = preSolution
		Debug|Any CPU = Debug|Any CPU
		Release|Any CPU = Release|Any CPU
	EndGlobalSection
	GlobalSection(ProjectConfigurationPlatforms) = postSolution
		{2558DB98-E4D2-4F0A-B1CC-FE3B2E399164}.Debug|Any CPU.ActiveCfg = Debug|Any CPU
		{2558DB98-E4D2-4F0A-B1CC-FE3B2E399164}.Debug|Any CPU.Build.0 = Debug|Any CPU
		{2558DB98-E4D2-4F0A-B1CC-FE3B2E399164}.Release|Any CPU.ActiveCfg = Release|Any CPU
		{2558DB98-E4D2-4F0A-B1CC-FE3B2E399164}.Release|Any CPU.Build.0 = Release|Any CPU
	EndGlobalSection
	GlobalSection(SolutionProperties) = preSolution
		HideSolutionNode = FALSE
	EndGlobalSection
	GlobalSection(ExtensibilityGlobals) = postSolution
		SolutionGuid = {73291E9C-7B27-4AB7-9E78-02D68963192D}
	EndGlobalSection
EndGlobal
